
Microsoft Visual Studio Solution File, Format Version 12.00
# Visual Studio 2013
VisualStudioVersion = 12.0.31101.0
MinimumVisualStudioVersion = 10.0.40219.1
Project("{8BC9CEB8-8B4A-11D0-8D11-00A0C91BC942}") = "week1.projectie", "week1.projectie\week1.projectie.vcxproj", "{7D4FBA8C-4B33-4836-B0B6-F5D2346ACDE1}"
	ProjectSection(ProjectDependencies) = postProject
		{22D5CA69-1AFF-4025-AC86-A4F056D79B53} = {22D5CA69-1AFF-4025-AC86-A4F056D79B53}
	EndProjectSection
EndProject
Project("{8BC9CEB8-8B4A-11D0-8D11-00A0C91BC942}") = "blib", "blib\blib.vcxproj", "{22D5CA69-1AFF-4025-AC86-A4F056D79B53}"
EndProject
Project("{8BC9CEB8-8B4A-11D0-8D11-00A0C91BC942}") = "week1.transformorder", "week1.transformorder\week1.transformorder.vcxproj", "{95B538FF-5FB4-44EF-BFF1-0598F2C74F58}"
EndProject
Global
	GlobalSection(SolutionConfigurationPlatforms) = preSolution
		Debug|Win32 = Debug|Win32
		Release|Win32 = Release|Win32
	EndGlobalSection
	GlobalSection(ProjectConfigurationPlatforms) = postSolution
		{7D4FBA8C-4B33-4836-B0B6-F5D2346ACDE1}.Debug|Win32.ActiveCfg = Debug|Win32
		{7D4FBA8C-4B33-4836-B0B6-F5D2346ACDE1}.Debug|Win32.Build.0 = Debug|Win32
		{7D4FBA8C-4B33-4836-B0B6-F5D2346ACDE1}.Release|Win32.ActiveCfg = Release|Win32
		{7D4FBA8C-4B33-4836-B0B6-F5D2346ACDE1}.Release|Win32.Build.0 = Release|Win32
		{22D5CA69-1AFF-4025-AC86-A4F056D79B53}.Debug|Win32.ActiveCfg = Debug|Win32
		{22D5CA69-1AFF-4025-AC86-A4F056D79B53}.Debug|Win32.Build.0 = Debug|Win32
		{22D5CA69-1AFF-4025-AC86-A4F056D79B53}.Release|Win32.ActiveCfg = Release|Win32
		{22D5CA69-1AFF-4025-AC86-A4F056D79B53}.Release|Win32.Build.0 = Release|Win32
		{95B538FF-5FB4-44EF-BFF1-0598F2C74F58}.Debug|Win32.ActiveCfg = Debug|Win32
		{95B538FF-5FB4-44EF-BFF1-0598F2C74F58}.Debug|Win32.Build.0 = Debug|Win32
		{95B538FF-5FB4-44EF-BFF1-0598F2C74F58}.Release|Win32.ActiveCfg = Release|Win32
		{95B538FF-5FB4-44EF-BFF1-0598F2C74F58}.Release|Win32.Build.0 = Release|Win32
	EndGlobalSection
	GlobalSection(SolutionProperties) = preSolution
		HideSolutionNode = FALSE
	EndGlobalSection
EndGlobal
